// !$*UTF8*$!
{
	archiveVersion = 1;
	classes = {
	};
	objectVersion = 56;
	objects = {

/* Begin PBXBuildFile section */
		929C6F072DC2983C00953686 /* AppDelegate.swift in Sources */ = {isa = PBXBuildFile; fileRef = 929C6F062DC2983C00953686 /* AppDelegate.swift */; };
		929C6F092DC2983C00953686 /* SceneDelegate.swift in Sources */ = {isa = PBXBuildFile; fileRef = 929C6F082DC2983C00953686 /* SceneDelegate.swift */; };
		929C6F0B2DC2983C00953686 /* ViewController.swift in Sources */ = {isa = PBXBuildFile; fileRef = 929C6F0A2DC2983C00953686 /* ViewController.swift */; };
		929C6F0E2DC2983C00953686 /* Base in Resources */ = {isa = PBXBuildFile; fileRef = 929C6F0D2DC2983C00953686 /* Base */; };
		929C6F102DC2983F00953686 /* Assets.xcassets in Resources */ = {isa = PBXBuildFile; fileRef = 929C6F0F2DC2983F00953686 /* Assets.xcassets */; };
		929C6F132DC2983F00953686 /* Base in Resources */ = {isa = PBXBuildFile; fileRef = 929C6F122DC2983F00953686 /* Base */; };
		929C6F1E2DC2983F00953686 /* LayoutsTests.swift in Sources */ = {isa = PBXBuildFile; fileRef = 929C6F1D2DC2983F00953686 /* LayoutsTests.swift */; };
		929C6F282DC2983F00953686 /* LayoutsUITests.swift in Sources */ = {isa = PBXBuildFile; fileRef = 929C6F272DC2983F00953686 /* LayoutsUITests.swift */; };
		929C6F2A2DC2983F00953686 /* LayoutsUITestsLaunchTests.swift in Sources */ = {isa = PBXBuildFile; fileRef = 929C6F292DC2983F00953686 /* LayoutsUITestsLaunchTests.swift */; };
		929C6F372DC298AE00953686 /* SecondViewController.swift in Sources */ = {isa = PBXBuildFile; fileRef = 929C6F362DC298AE00953686 /* SecondViewController.swift */; };
/* End PBXBuildFile section */

/* Begin PBXContainerItemProxy section */
		929C6F1A2DC2983F00953686 /* PBXContainerItemProxy */ = {
			isa = PBXContainerItemProxy;
			containerPortal = 929C6EFB2DC2983C00953686 /* Project object */;
			proxyType = 1;
			remoteGlobalIDString = 929C6F022DC2983C00953686;
			remoteInfo = Layouts;
		};
		929C6F242DC2983F00953686 /* PBXContainerItemProxy */ = {
			isa = PBXContainerItemProxy;
			containerPortal = 929C6EFB2DC2983C00953686 /* Project object */;
			proxyType = 1;
			remoteGlobalIDString = 929C6F022DC2983C00953686;
			remoteInfo = Layouts;
		};
/* End PBXContainerItemProxy section */

/* Begin PBXFileReference section */
		929C6F032DC2983C00953686 /* Layouts.app */ = {isa = PBXFileReference; explicitFileType = wrapper.application; includeInIndex = 0; path = Layouts.app; sourceTree = BUILT_PRODUCTS_DIR; };
		929C6F062DC2983C00953686 /* AppDelegate.swift */ = {isa = PBXFileReference; lastKnownFileType = sourcecode.swift; path = AppDelegate.swift; sourceTree = "<group>"; };
		929C6F082DC2983C00953686 /* SceneDelegate.swift */ = {isa = PBXFileReference; lastKnownFileType = sourcecode.swift; path = SceneDelegate.swift; sourceTree = "<group>"; };
		929C6F0A2DC2983C00953686 /* ViewController.swift */ = {isa = PBXFileReference; lastKnownFileType = sourcecode.swift; path = ViewController.swift; sourceTree = "<group>"; };
		929C6F0D2DC2983C00953686 /* Base */ = {isa = PBXFileReference; lastKnownFileType = file.storyboard; name = Base; path = Base.lproj/Main.storyboard; sourceTree = "<group>"; };
		929C6F0F2DC2983F00953686 /* Assets.xcassets */ = {isa = PBXFileReference; lastKnownFileType = folder.assetcatalog; path = Assets.xcassets; sourceTree = "<group>"; };
		929C6F122DC2983F00953686 /* Base */ = {isa = PBXFileReference; lastKnownFileType = file.storyboard; name = Base; path = Base.lproj/LaunchScreen.storyboard; sourceTree = "<group>"; };
		929C6F142DC2983F00953686 /* Info.plist */ = {isa = PBXFileReference; lastKnownFileType = text.plist.xml; path = Info.plist; sourceTree = "<group>"; };
		929C6F192DC2983F00953686 /* LayoutsTests.xctest */ = {isa = PBXFileReference; explicitFileType = wrapper.cfbundle; includeInIndex = 0; path = LayoutsTests.xctest; sourceTree = BUILT_PRODUCTS_DIR; };
		929C6F1D2DC2983F00953686 /* LayoutsTests.swift */ = {isa = PBXFileReference; lastKnownFileType = sourcecode.swift; path = LayoutsTests.swift; sourceTree = "<group>"; };
		929C6F232DC2983F00953686 /* LayoutsUITests.xctest */ = {isa = PBXFileReference; explicitFileType = wrapper.cfbundle; includeInIndex = 0; path = LayoutsUITests.xctest; sourceTree = BUILT_PRODUCTS_DIR; };
		929C6F272DC2983F00953686 /* LayoutsUITests.swift */ = {isa = PBXFileReference; lastKnownFileType = sourcecode.swift; path = LayoutsUITests.swift; sourceTree = "<group>"; };
		929C6F292DC2983F00953686 /* LayoutsUITestsLaunchTests.swift */ = {isa = PBXFileReference; lastKnownFileType = sourcecode.swift; path = LayoutsUITestsLaunchTests.swift; sourceTree = "<group>"; };
		929C6F362DC298AE00953686 /* SecondViewController.swift */ = {isa = PBXFileReference; lastKnownFileType = sourcecode.swift; path = SecondViewController.swift; sourceTree = "<group>"; };
/* End PBXFileReference section */

/* Begin PBXFrameworksBuildPhase section */
		929C6F002DC2983C00953686 /* Frameworks */ = {
			isa = PBXFrameworksBuildPhase;
			buildActionMask = 2147483647;
			files = (
			);
			runOnlyForDeploymentPostprocessing = 0;
		};
		929C6F162DC2983F00953686 /* Frameworks */ = {
			isa = PBXFrameworksBuildPhase;
			buildActionMask = 2147483647;
			files = (
			);
			runOnlyForDeploymentPostprocessing = 0;
		};
		929C6F202DC2983F00953686 /* Frameworks */ = {
			isa = PBXFrameworksBuildPhase;
			buildActionMask = 2147483647;
			files = (
			);
			runOnlyForDeploymentPostprocessing = 0;
		};
/* End PBXFrameworksBuildPhase section */

/* Begin PBXGroup section */
		929C6EFA2DC2983C00953686 = {
			isa = PBXGroup;
			children = (
				929C6F052DC2983C00953686 /* Layouts */,
				929C6F1C2DC2983F00953686 /* LayoutsTests */,
				929C6F262DC2983F00953686 /* LayoutsUITests */,
				929C6F042DC2983C00953686 /* Products */,
			);
			sourceTree = "<group>";
		};
		929C6F042DC2983C00953686 /* Products */ = {
			isa = PBXGroup;
			children = (
				929C6F032DC2983C00953686 /* Layouts.app */,
				929C6F192DC2983F00953686 /* LayoutsTests.xctest */,
				929C6F232DC2983F00953686 /* LayoutsUITests.xctest */,
			);
			name = Products;
			sourceTree = "<group>";
		};
		929C6F052DC2983C00953686 /* Layouts */ = {
			isa = PBXGroup;
			children = (
				929C6F062DC2983C00953686 /* AppDelegate.swift */,
				929C6F082DC2983C00953686 /* SceneDelegate.swift */,
				929C6F0A2DC2983C00953686 /* ViewController.swift */,
				929C6F0C2DC2983C00953686 /* Main.storyboard */,
				929C6F362DC298AE00953686 /* SecondViewController.swift */,
				929C6F0F2DC2983F00953686 /* Assets.xcassets */,
				929C6F112DC2983F00953686 /* LaunchScreen.storyboard */,
				929C6F142DC2983F00953686 /* Info.plist */,
			);
			path = Layouts;
			sourceTree = "<group>";
		};
		929C6F1C2DC2983F00953686 /* LayoutsTests */ = {
			isa = PBXGroup;
			children = (
				929C6F1D2DC2983F00953686 /* LayoutsTests.swift */,
			);
			path = LayoutsTests;
			sourceTree = "<group>";
		};
		929C6F262DC2983F00953686 /* LayoutsUITests */ = {
			isa = PBXGroup;
			children = (
				929C6F272DC2983F00953686 /* LayoutsUITests.swift */,
				929C6F292DC2983F00953686 /* LayoutsUITestsLaunchTests.swift */,
			);
			path = LayoutsUITests;
			sourceTree = "<group>";
		};
/* End PBXGroup section */

/* Begin PBXNativeTarget section */
		929C6F022DC2983C00953686 /* Layouts */ = {
			isa = PBXNativeTarget;
			buildConfigurationList = 929C6F2D2DC2983F00953686 /* Build configuration list for PBXNativeTarget "Layouts" */;
			buildPhases = (
				929C6EFF2DC2983C00953686 /* Sources */,
				929C6F002DC2983C00953686 /* Frameworks */,
				929C6F012DC2983C00953686 /* Resources */,
			);
			buildRules = (
			);
			dependencies = (
			);
			name = Layouts;
			productName = Layouts;
			productReference = 929C6F032DC2983C00953686 /* Layouts.app */;
			productType = "com.apple.product-type.application";
		};
		929C6F182DC2983F00953686 /* LayoutsTests */ = {
			isa = PBXNativeTarget;
			buildConfigurationList = 929C6F302DC2983F00953686 /* Build configuration list for PBXNativeTarget "LayoutsTests" */;
			buildPhases = (
				929C6F152DC2983F00953686 /* Sources */,
				929C6F162DC2983F00953686 /* Frameworks */,
				929C6F172DC2983F00953686 /* Resources */,
			);
			buildRules = (
			);
			dependencies = (
				929C6F1B2DC2983F00953686 /* PBXTargetDependency */,
			);
			name = LayoutsTests;
			productName = LayoutsTests;
			productReference = 929C6F192DC2983F00953686 /* LayoutsTests.xctest */;
			productType = "com.apple.product-type.bundle.unit-test";
		};
		929C6F222DC2983F00953686 /* LayoutsUITests */ = {
			isa = PBXNativeTarget;
			buildConfigurationList = 929C6F332DC2983F00953686 /* Build configuration list for PBXNativeTarget "LayoutsUITests" */;
			buildPhases = (
				929C6F1F2DC2983F00953686 /* Sources */,
				929C6F202DC2983F00953686 /* Frameworks */,
				929C6F212DC2983F00953686 /* Resources */,
			);
			buildRules = (
			);
			dependencies = (
				929C6F252DC2983F00953686 /* PBXTargetDependency */,
			);
			name = LayoutsUITests;
			productName = LayoutsUITests;
			productReference = 929C6F232DC2983F00953686 /* LayoutsUITests.xctest */;
			productType = "com.apple.product-type.bundle.ui-testing";
		};
/* End PBXNativeTarget section */

/* Begin PBXProject section */
		929C6EFB2DC2983C00953686 /* Project object */ = {
			isa = PBXProject;
			attributes = {
				BuildIndependentTargetsInParallel = 1;
				LastSwiftUpdateCheck = 1530;
				LastUpgradeCheck = 1530;
				TargetAttributes = {
					929C6F022DC2983C00953686 = {
						CreatedOnToolsVersion = 15.3;
					};
					929C6F182DC2983F00953686 = {
						CreatedOnToolsVersion = 15.3;
						TestTargetID = 929C6F022DC2983C00953686;
					};
					929C6F222DC2983F00953686 = {
						CreatedOnToolsVersion = 15.3;
						TestTargetID = 929C6F022DC2983C00953686;
					};
				};
			};
			buildConfigurationList = 929C6EFE2DC2983C00953686 /* Build configuration list for PBXProject "Layouts" */;
			compatibilityVersion = "Xcode 14.0";
			developmentRegion = en;
			hasScannedForEncodings = 0;
			knownRegions = (
				en,
				Base,
			);
			mainGroup = 929C6EFA2DC2983C00953686;
			productRefGroup = 929C6F042DC2983C00953686 /* Products */;
			projectDirPath = "";
			projectRoot = "";
			targets = (
				929C6F022DC2983C00953686 /* Layouts */,
				929C6F182DC2983F00953686 /* LayoutsTests */,
				929C6F222DC2983F00953686 /* LayoutsUITests */,
			);
		};
/* End PBXProject section */

/* Begin PBXResourcesBuildPhase section */
		929C6F012DC2983C00953686 /* Resources */ = {
			isa = PBXResourcesBuildPhase;
			buildActionMask = 2147483647;
			files = (
				929C6F102DC2983F00953686 /* Assets.xcassets in Resources */,
				929C6F132DC2983F00953686 /* Base in Resources */,
				929C6F0E2DC2983C00953686 /* Base in Resources */,
			);
			runOnlyForDeploymentPostprocessing = 0;
		};
		929C6F172DC2983F00953686 /* Resources */ = {
			isa = PBXResourcesBuildPhase;
			buildActionMask = 2147483647;
			files = (
			);
			runOnlyForDeploymentPostprocessing = 0;
		};
		929C6F212DC2983F00953686 /* Resources */ = {
			isa = PBXResourcesBuildPhase;
			buildActionMask = 2147483647;
			files = (
			);
			runOnlyForDeploymentPostprocessing = 0;
		};
/* End PBXResourcesBuildPhase section */

/* Begin PBXSourcesBuildPhase section */
		929C6EFF2DC2983C00953686 /* Sources */ = {
			isa = PBXSourcesBuildPhase;
			buildActionMask = 2147483647;
			files = (
				929C6F372DC298AE00953686 /* SecondViewController.swift in Sources */,
				929C6F0B2DC2983C00953686 /* ViewController.swift in Sources */,
				929C6F072DC2983C00953686 /* AppDelegate.swift in Sources */,
				929C6F092DC2983C00953686 /* SceneDelegate.swift in Sources */,
			);
			runOnlyForDeploymentPostprocessing = 0;
		};
		929C6F152DC2983F00953686 /* Sources */ = {
			isa = PBXSourcesBuildPhase;
			buildActionMask = 2147483647;
			files = (
				929C6F1E2DC2983F00953686 /* LayoutsTests.swift in Sources */,
			);
			runOnlyForDeploymentPostprocessing = 0;
		};
		929C6F1F2DC2983F00953686 /* Sources */ = {
			isa = PBXSourcesBuildPhase;
			buildActionMask = 2147483647;
			files = (
				929C6F2A2DC2983F00953686 /* LayoutsUITestsLaunchTests.swift in Sources */,
				929C6F282DC2983F00953686 /* LayoutsUITests.swift in Sources */,
			);
			runOnlyForDeploymentPostprocessing = 0;
		};
/* End PBXSourcesBuildPhase section */

/* Begin PBXTargetDependency section */
		929C6F1B2DC2983F00953686 /* PBXTargetDependency */ = {
			isa = PBXTargetDependency;
			target = 929C6F022DC2983C00953686 /* Layouts */;
			targetProxy = 929C6F1A2DC2983F00953686 /* PBXContainerItemProxy */;
		};
		929C6F252DC2983F00953686 /* PBXTargetDependency */ = {
			isa = PBXTargetDependency;
			target = 929C6F022DC2983C00953686 /* Layouts */;
			targetProxy = 929C6F242DC2983F00953686 /* PBXContainerItemProxy */;
		};
/* End PBXTargetDependency section */

/* Begin PBXVariantGroup section */
		929C6F0C2DC2983C00953686 /* Main.storyboard */ = {
			isa = PBXVariantGroup;
			children = (
				929C6F0D2DC2983C00953686 /* Base */,
			);
			name = Main.storyboard;
			sourceTree = "<group>";
		};
		929C6F112DC2983F00953686 /* LaunchScreen.storyboard */ = {
			isa = PBXVariantGroup;
			children = (
				929C6F122DC2983F00953686 /* Base */,
			);
			name = LaunchScreen.storyboard;
			sourceTree = "<group>";
		};
/* End PBXVariantGroup section */

/* Begin XCBuildConfiguration section */
		929C6F2B2DC2983F00953686 /* Debug */ = {
			isa = XCBuildConfiguration;
			buildSettings = {
				ALWAYS_SEARCH_USER_PATHS = NO;
				ASSETCATALOG_COMPILER_GENERATE_SWIFT_ASSET_SYMBOL_EXTENSIONS = YES;
				CLANG_ANALYZER_NONNULL = YES;
				CLANG_ANALYZER_NUMBER_OBJECT_CONVERSION = YES_AGGRESSIVE;
				CLANG_CXX_LANGUAGE_STANDARD = "gnu++20";
				CLANG_ENABLE_MODULES = YES;
				CLANG_ENABLE_OBJC_ARC = YES;
				CLANG_ENABLE_OBJC_WEAK = YES;
				CLANG_WARN_BLOCK_CAPTURE_AUTORELEASING = YES;
				CLANG_WARN_BOOL_CONVERSION = YES;
				CLANG_WARN_COMMA = YES;
				CLANG_WARN_CONSTANT_CONVERSION = YES;
				CLANG_WARN_DEPRECATED_OBJC_IMPLEMENTATIONS = YES;
				CLANG_WARN_DIRECT_OBJC_ISA_USAGE = YES_ERROR;
				CLANG_WARN_DOCUMENTATION_COMMENTS = YES;
				CLANG_WARN_EMPTY_BODY = YES;
				CLANG_WARN_ENUM_CONVERSION = YES;
				CLANG_WARN_INFINITE_RECURSION = YES;
				CLANG_WARN_INT_CONVERSION = YES;
				CLANG_WARN_NON_LITERAL_NULL_CONVERSION = YES;
				CLANG_WARN_OBJC_IMPLICIT_RETAIN_SELF = YES;
				CLANG_WARN_OBJC_LITERAL_CONVERSION = YES;
				CLANG_WARN_OBJC_ROOT_CLASS = YES_ERROR;
				CLANG_WARN_QUOTED_INCLUDE_IN_FRAMEWORK_HEADER = YES;
				CLANG_WARN_RANGE_LOOP_ANALYSIS = YES;
				CLANG_WARN_STRICT_PROTOTYPES = YES;
				CLANG_WARN_SUSPICIOUS_MOVE = YES;
				CLANG_WARN_UNGUARDED_AVAILABILITY = YES_AGGRESSIVE;
				CLANG_WARN_UNREACHABLE_CODE = YES;
				CLANG_WARN__DUPLICATE_METHOD_MATCH = YES;
				COPY_PHASE_STRIP = NO;
				DEBUG_INFORMATION_FORMAT = dwarf;
				ENABLE_STRICT_OBJC_MSGSEND = YES;
				ENABLE_TESTABILITY = YES;
				ENABLE_USER_SCRIPT_SANDBOXING = YES;
				GCC_C_LANGUAGE_STANDARD = gnu17;
				GCC_DYNAMIC_NO_PIC = NO;
				GCC_NO_COMMON_BLOCKS = YES;
				GCC_OPTIMIZATION_LEVEL = 0;
				GCC_PREPROCESSOR_DEFINITIONS = (
					"DEBUG=1",
					"$(inherited)",
				);
				GCC_WARN_64_TO_32_BIT_CONVERSION = YES;
				GCC_WARN_ABOUT_RETURN_TYPE = YES_ERROR;
				GCC_WARN_UNDECLARED_SELECTOR = YES;
				GCC_WARN_UNINITIALIZED_AUTOS = YES_AGGRESSIVE;
				GCC_WARN_UNUSED_FUNCTION = YES;
				GCC_WARN_UNUSED_VARIABLE = YES;
				IPHONEOS_DEPLOYMENT_TARGET = 17.4;
				LOCALIZATION_PREFERS_STRING_CATALOGS = YES;
				MTL_ENABLE_DEBUG_INFO = INCLUDE_SOURCE;
				MTL_FAST_MATH = YES;
				ONLY_ACTIVE_ARCH = YES;
				SDKROOT = iphoneos;
				SWIFT_ACTIVE_COMPILATION_CONDITIONS = "DEBUG $(inherited)";
				SWIFT_OPTIMIZATION_LEVEL = "-Onone";
			};
			name = Debug;
		};
		929C6F2C2DC2983F00953686 /* Release */ = {
			isa = XCBuildConfiguration;
			buildSettings = {
				ALWAYS_SEARCH_USER_PATHS = NO;
				ASSETCATALOG_COMPILER_GENERATE_SWIFT_ASSET_SYMBOL_EXTENSIONS = YES;
				CLANG_ANALYZER_NONNULL = YES;
				CLANG_ANALYZER_NUMBER_OBJECT_CONVERSION = YES_AGGRESSIVE;
				CLANG_CXX_LANGUAGE_STANDARD = "gnu++20";
				CLANG_ENABLE_MODULES = YES;
				CLANG_ENABLE_OBJC_ARC = YES;
				CLANG_ENABLE_OBJC_WEAK = YES;
				CLANG_WARN_BLOCK_CAPTURE_AUTORELEASING = YES;
				CLANG_WARN_BOOL_CONVERSION = YES;
				CLANG_WARN_COMMA = YES;
				CLANG_WARN_CONSTANT_CONVERSION = YES;
				CLANG_WARN_DEPRECATED_OBJC_IMPLEMENTATIONS = YES;
				CLANG_WARN_DIRECT_OBJC_ISA_USAGE = YES_ERROR;
				CLANG_WARN_DOCUMENTATION_COMMENTS = YES;
				CLANG_WARN_EMPTY_BODY = YES;
				CLANG_WARN_ENUM_CONVERSION = YES;
				CLANG_WARN_INFINITE_RECURSION = YES;
				CLANG_WARN_INT_CONVERSION = YES;
				CLANG_WARN_NON_LITERAL_NULL_CONVERSION = YES;
				CLANG_WARN_OBJC_IMPLICIT_RETAIN_SELF = YES;
				CLANG_WARN_OBJC_LITERAL_CONVERSION = YES;
				CLANG_WARN_OBJC_ROOT_CLASS = YES_ERROR;
				CLANG_WARN_QUOTED_INCLUDE_IN_FRAMEWORK_HEADER = YES;
				CLANG_WARN_RANGE_LOOP_ANALYSIS = YES;
				CLANG_WARN_STRICT_PROTOTYPES = YES;
				CLANG_WARN_SUSPICIOUS_MOVE = YES;
				CLANG_WARN_UNGUARDED_AVAILABILITY = YES_AGGRESSIVE;
				CLANG_WARN_UNREACHABLE_CODE = YES;
				CLANG_WARN__DUPLICATE_METHOD_MATCH = YES;
				COPY_PHASE_STRIP = NO;
				DEBUG_INFORMATION_FORMAT = "dwarf-with-dsym";
				ENABLE_NS_ASSERTIONS = NO;
				ENABLE_STRICT_OBJC_MSGSEND = YES;
				ENABLE_USER_SCRIPT_SANDBOXING = YES;
				GCC_C_LANGUAGE_STANDARD = gnu17;
				GCC_NO_COMMON_BLOCKS = YES;
				GCC_WARN_64_TO_32_BIT_CONVERSION = YES;
				GCC_WARN_ABOUT_RETURN_TYPE = YES_ERROR;
				GCC_WARN_UNDECLARED_SELECTOR = YES;
				GCC_WARN_UNINITIALIZED_AUTOS = YES_AGGRESSIVE;
				GCC_WARN_UNUSED_FUNCTION = YES;
				GCC_WARN_UNUSED_VARIABLE = YES;
				IPHONEOS_DEPLOYMENT_TARGET = 17.4;
				LOCALIZATION_PREFERS_STRING_CATALOGS = YES;
				MTL_ENABLE_DEBUG_INFO = NO;
				MTL_FAST_MATH = YES;
				SDKROOT = iphoneos;
				SWIFT_COMPILATION_MODE = wholemodule;
				VALIDATE_PRODUCT = YES;
			};
			name = Release;
		};
		929C6F2E2DC2983F00953686 /* Debug */ = {
			isa = XCBuildConfiguration;
			buildSettings = {
				ASSETCATALOG_COMPILER_APPICON_NAME = AppIcon;
				ASSETCATALOG_COMPILER_GLOBAL_ACCENT_COLOR_NAME = AccentColor;
				CODE_SIGN_STYLE = Automatic;
				CURRENT_PROJECT_VERSION = 1;
				GENERATE_INFOPLIST_FILE = YES;
				INFOPLIST_FILE = Layouts/Info.plist;
				INFOPLIST_KEY_UIApplicationSupportsIndirectInputEvents = YES;
				INFOPLIST_KEY_UILaunchStoryboardName = LaunchScreen;
				INFOPLIST_KEY_UIMainStoryboardFile = Main;
				INFOPLIST_KEY_UISupportedInterfaceOrientations_iPad = "UIInterfaceOrientationPortrait UIInterfaceOrientationPortraitUpsideDown UIInterfaceOrientationLandscapeLeft UIInterfaceOrientationLandscapeRight";
				INFOPLIST_KEY_UISupportedInterfaceOrientations_iPhone = "UIInterfaceOrientationPortrait UIInterfaceOrientationLandscapeLeft UIInterfaceOrientationLandscapeRight";
				LD_RUNPATH_SEARCH_PATHS = (
					"$(inherited)",
					"@executable_path/Frameworks",
				);
				MARKETING_VERSION = 1.0;
				PRODUCT_BUNDLE_IDENTIFIER = abc.Layouts;
				PRODUCT_NAME = "$(TARGET_NAME)";
				SWIFT_EMIT_LOC_STRINGS = YES;
				SWIFT_VERSION = 5.0;
				TARGETED_DEVICE_FAMILY = "1,2";
			};
			name = Debug;
		};
		929C6F2F2DC2983F00953686 /* Release */ = {
			isa = XCBuildConfiguration;
			buildSettings = {
				ASSETCATALOG_COMPILER_APPICON_NAME = AppIcon;
				ASSETCATALOG_COMPILER_GLOBAL_ACCENT_COLOR_NAME = AccentColor;
				CODE_SIGN_STYLE = Automatic;
				CURRENT_PROJECT_VERSION = 1;
				GENERATE_INFOPLIST_FILE = YES;
				INFOPLIST_FILE = Layouts/Info.plist;
				INFOPLIST_KEY_UIApplicationSupportsIndirectInputEvents = YES;
				INFOPLIST_KEY_UILaunchStoryboardName = LaunchScreen;
				INFOPLIST_KEY_UIMainStoryboardFile = Main;
				INFOPLIST_KEY_UISupportedInterfaceOrientations_iPad = "UIInterfaceOrientationPortrait UIInterfaceOrientationPortraitUpsideDown UIInterfaceOrientationLandscapeLeft UIInterfaceOrientationLandscapeRight";
				INFOPLIST_KEY_UISupportedInterfaceOrientations_iPhone = "UIInterfaceOrientationPortrait UIInterfaceOrientationLandscapeLeft UIInterfaceOrientationLandscapeRight";
				LD_RUNPATH_SEARCH_PATHS = (
					"$(inherited)",
					"@executable_path/Frameworks",
				);
				MARKETING_VERSION = 1.0;
				PRODUCT_BUNDLE_IDENTIFIER = abc.Layouts;
				PRODUCT_NAME = "$(TARGET_NAME)";
				SWIFT_EMIT_LOC_STRINGS = YES;
				SWIFT_VERSION = 5.0;
				TARGETED_DEVICE_FAMILY = "1,2";
			};
			name = Release;
		};
		929C6F312DC2983F00953686 /* Debug */ = {
			isa = XCBuildConfiguration;
			buildSettings = {
				ALWAYS_EMBED_SWIFT_STANDARD_LIBRARIES = YES;
				BUNDLE_LOADER = "$(TEST_HOST)";
				CODE_SIGN_STYLE = Automatic;
				CURRENT_PROJECT_VERSION = 1;
				GENERATE_INFOPLIST_FILE = YES;
				IPHONEOS_DEPLOYMENT_TARGET = 17.4;
				MARKETING_VERSION = 1.0;
				PRODUCT_BUNDLE_IDENTIFIER = abc.LayoutsTests;
				PRODUCT_NAME = "$(TARGET_NAME)";
				SWIFT_EMIT_LOC_STRINGS = NO;
				SWIFT_VERSION = 5.0;
				TARGETED_DEVICE_FAMILY = "1,2";
				TEST_HOST = "$(BUILT_PRODUCTS_DIR)/Layouts.app/$(BUNDLE_EXECUTABLE_FOLDER_PATH)/Layouts";
			};
			name = Debug;
		};
		929C6F322DC2983F00953686 /* Release */ = {
			isa = XCBuildConfiguration;
			buildSettings = {
				ALWAYS_EMBED_SWIFT_STANDARD_LIBRARIES = YES;
				BUNDLE_LOADER = "$(TEST_HOST)";
				CODE_SIGN_STYLE = Automatic;
				CURRENT_PROJECT_VERSION = 1;
				GENERATE_INFOPLIST_FILE = YES;
				IPHONEOS_DEPLOYMENT_TARGET = 17.4;
				MARKETING_VERSION = 1.0;
				PRODUCT_BUNDLE_IDENTIFIER = abc.LayoutsTests;
				PRODUCT_NAME = "$(TARGET_NAME)";
				SWIFT_EMIT_LOC_STRINGS = NO;
				SWIFT_VERSION = 5.0;
				TARGETED_DEVICE_FAMILY = "1,2";
				TEST_HOST = "$(BUILT_PRODUCTS_DIR)/Layouts.app/$(BUNDLE_EXECUTABLE_FOLDER_PATH)/Layouts";
			};
			name = Release;
		};
		929C6F342DC2983F00953686 /* Debug */ = {
			isa = XCBuildConfiguration;
			buildSettings = {
				ALWAYS_EMBED_SWIFT_STANDARD_LIBRARIES = YES;
				CODE_SIGN_STYLE = Automatic;
				CURRENT_PROJECT_VERSION = 1;
				GENERATE_INFOPLIST_FILE = YES;
				MARKETING_VERSION = 1.0;
				PRODUCT_BUNDLE_IDENTIFIER = abc.LayoutsUITests;
				PRODUCT_NAME = "$(TARGET_NAME)";
				SWIFT_EMIT_LOC_STRINGS = NO;
				SWIFT_VERSION = 5.0;
				TARGETED_DEVICE_FAMILY = "1,2";
				TEST_TARGET_NAME = Layouts;
			};
			name = Debug;
		};
		929C6F352DC2983F00953686 /* Release */ = {
			isa = XCBuildConfiguration;
			buildSettings = {
				ALWAYS_EMBED_SWIFT_STANDARD_LIBRARIES = YES;
				CODE_SIGN_STYLE = Automatic;
				CURRENT_PROJECT_VERSION = 1;
				GENERATE_INFOPLIST_FILE = YES;
				MARKETING_VERSION = 1.0;
				PRODUCT_BUNDLE_IDENTIFIER = abc.LayoutsUITests;
				PRODUCT_NAME = "$(TARGET_NAME)";
				SWIFT_EMIT_LOC_STRINGS = NO;
				SWIFT_VERSION = 5.0;
				TARGETED_DEVICE_FAMILY = "1,2";
				TEST_TARGET_NAME = Layouts;
			};
			name = Release;
		};
/* End XCBuildConfiguration section */

/* Begin XCConfigurationList section */
		929C6EFE2DC2983C00953686 /* Build configuration list for PBXProject "Layouts" */ = {
			isa = XCConfigurationList;
			buildConfigurations = (
				929C6F2B2DC2983F00953686 /* Debug */,
				929C6F2C2DC2983F00953686 /* Release */,
			);
			defaultConfigurationIsVisible = 0;
			defaultConfigurationName = Release;
		};
		929C6F2D2DC2983F00953686 /* Build configuration list for PBXNativeTarget "Layouts" */ = {
			isa = XCConfigurationList;
			buildConfigurations = (
				929C6F2E2DC2983F00953686 /* Debug */,
				929C6F2F2DC2983F00953686 /* Release */,
			);
			defaultConfigurationIsVisible = 0;
			defaultConfigurationName = Release;
		};
		929C6F302DC2983F00953686 /* Build configuration list for PBXNativeTarget "LayoutsTests" */ = {
			isa = XCConfigurationList;
			buildConfigurations = (
				929C6F312DC2983F00953686 /* Debug */,
				929C6F322DC2983F00953686 /* Release */,
			);
			defaultConfigurationIsVisible = 0;
			defaultConfigurationName = Release;
		};
		929C6F332DC2983F00953686 /* Build configuration list for PBXNativeTarget "LayoutsUITests" */ = {
			isa = XCConfigurationList;
			buildConfigurations = (
				929C6F342DC2983F00953686 /* Debug */,
				929C6F352DC2983F00953686 /* Release */,
			);
			defaultConfigurationIsVisible = 0;
			defaultConfigurationName = Release;
		};
/* End XCConfigurationList section */
	};
	rootObject = 929C6EFB2DC2983C00953686 /* Project object */;
}
